
Microsoft Visual Studio Solution File, Format Version 12.00
# Visual Studio Version 16
VisualStudioVersion = 16.0.30413.136
MinimumVisualStudioVersion = 10.0.40219.1
Project("{FAE04EC0-301F-11D3-BF4B-00C04F79EFBC}") = "DPTA.Android", "DPTA.Android\DPTA.Android.csproj", "{6D35FC06-BA4C-47E3-9001-F79380BC6EC9}"
EndProject
Project("{FAE04EC0-301F-11D3-BF4B-00C04F79EFBC}") = "DPTA.iOS", "DPTA.iOS\DPTA.iOS.csproj", "{8C88D647-5BF4-4986-A69C-4BC9508AE172}"
EndProject
Project("{FAE04EC0-301F-11D3-BF4B-00C04F79EFBC}") = "DPTA", "DPTA\DPTA.csproj", "{BB19F943-E4CC-4C8E-BB30-C74AC1C82FEE}"
EndProject
Global
	GlobalSection(SolutionConfigurationPlatforms) = preSolution
		Debug|Any CPU = Debug|Any CPU
		Debug|iPhone = Debug|iPhone
		Debug|iPhoneSimulator = Debug|iPhoneSimulator
		Release|Any CPU = Release|Any CPU
		Release|iPhone = Release|iPhone
		Release|iPhoneSimulator = Release|iPhoneSimulator
	EndGlobalSection
	GlobalSection(ProjectConfigurationPlatforms) = postSolution
		{6D35FC06-BA4C-47E3-9001-F79380BC6EC9}.Debug|Any CPU.ActiveCfg = Debug|Any CPU
		{6D35FC06-BA4C-47E3-9001-F79380BC6EC9}.Debug|Any CPU.Build.0 = Debug|Any CPU
		{6D35FC06-BA4C-47E3-9001-F79380BC6EC9}.Debug|Any CPU.Deploy.0 = Debug|Any CPU
		{6D35FC06-BA4C-47E3-9001-F79380BC6EC9}.Debug|iPhone.ActiveCfg = Debug|Any CPU
		{6D35FC06-BA4C-47E3-9001-F79380BC6EC9}.Debug|iPhone.Build.0 = Debug|Any CPU
		{6D35FC06-BA4C-47E3-9001-F79380BC6EC9}.Debug|iPhone.Deploy.0 = Debug|Any CPU
		{6D35FC06-BA4C-47E3-9001-F79380BC6EC9}.Debug|iPhoneSimulator.ActiveCfg = Debug|Any CPU
		{6D35FC06-BA4C-47E3-9001-F79380BC6EC9}.Debug|iPhoneSimulator.Build.0 = Debug|Any CPU
		{6D35FC06-BA4C-47E3-9001-F79380BC6EC9}.Debug|iPhoneSimulator.Deploy.0 = Debug|Any CPU
		{6D35FC06-BA4C-47E3-9001-F79380BC6EC9}.Release|Any CPU.ActiveCfg = Release|Any CPU
		{6D35FC06-BA4C-47E3-9001-F79380BC6EC9}.Release|Any CPU.Build.0 = Release|Any CPU
		{6D35FC06-BA4C-47E3-9001-F79380BC6EC9}.Release|Any CPU.Deploy.0 = Release|Any CPU
		{6D35FC06-BA4C-47E3-9001-F79380BC6EC9}.Release|iPhone.ActiveCfg = Release|Any CPU
		{6D35FC06-BA4C-47E3-9001-F79380BC6EC9}.Release|iPhone.Build.0 = Release|Any CPU
		{6D35FC06-BA4C-47E3-9001-F79380BC6EC9}.Release|iPhone.Deploy.0 = Release|Any CPU
		{6D35FC06-BA4C-47E3-9001-F79380BC6EC9}.Release|iPhoneSimulator.ActiveCfg = Release|Any CPU
		{6D35FC06-BA4C-47E3-9001-F79380BC6EC9}.Release|iPhoneSimulator.Build.0 = Release|Any CPU
		{6D35FC06-BA4C-47E3-9001-F79380BC6EC9}.Release|iPhoneSimulator.Deploy.0 = Release|Any CPU
		{8C88D647-5BF4-4986-A69C-4BC9508AE172}.Debug|Any CPU.ActiveCfg = Debug|iPhone
		{8C88D647-5BF4-4986-A69C-4BC9508AE172}.Debug|Any CPU.Build.0 = Debug|iPhone
		{8C88D647-5BF4-4986-A69C-4BC9508AE172}.Debug|Any CPU.Deploy.0 = Debug|iPhone
		{8C88D647-5BF4-4986-A69C-4BC9508AE172}.Debug|iPhone.ActiveCfg = Debug|iPhone
		{8C88D647-5BF4-4986-A69C-4BC9508AE172}.Debug|iPhone.Build.0 = Debug|iPhone
		{8C88D647-5BF4-4986-A69C-4BC9508AE172}.Debug|iPhone.Deploy.0 = Debug|iPhone
		{8C88D647-5BF4-4986-A69C-4BC9508AE172}.Debug|iPhoneSimulator.ActiveCfg = Debug|iPhoneSimulator
		{8C88D647-5BF4-4986-A69C-4BC9508AE172}.Debug|iPhoneSimulator.Build.0 = Debug|iPhoneSimulator
		{8C88D647-5BF4-4986-A69C-4BC9508AE172}.Debug|iPhoneSimulator.Deploy.0 = Debug|iPhoneSimulator
		{8C88D647-5BF4-4986-A69C-4BC9508AE172}.Release|Any CPU.ActiveCfg = Release|iPhone
		{8C88D647-5BF4-4986-A69C-4BC9508AE172}.Release|Any CPU.Build.0 = Release|iPhone
		{8C88D647-5BF4-4986-A69C-4BC9508AE172}.Release|Any CPU.Deploy.0 = Release|iPhone
		{8C88D647-5BF4-4986-A69C-4BC9508AE172}.Release|iPhone.ActiveCfg = Release|iPhone
		{8C88D647-5BF4-4986-A69C-4BC9508AE172}.Release|iPhone.Build.0 = Release|iPhone
		{8C88D647-5BF4-4986-A69C-4BC9508AE172}.Release|iPhone.Deploy.0 = Release|iPhone
		{8C88D647-5BF4-4986-A69C-4BC9508AE172}.Release|iPhoneSimulator.ActiveCfg = Release|iPhoneSimulator
		{8C88D647-5BF4-4986-A69C-4BC9508AE172}.Release|iPhoneSimulator.Build.0 = Release|iPhoneSimulator
		{8C88D647-5BF4-4986-A69C-4BC9508AE172}.Release|iPhoneSimulator.Deploy.0 = Release|iPhoneSimulator
		{BB19F943-E4CC-4C8E-BB30-C74AC1C82FEE}.Debug|Any CPU.ActiveCfg = Debug|Any CPU
		{BB19F943-E4CC-4C8E-BB30-C74AC1C82FEE}.Debug|Any CPU.Build.0 = Debug|Any CPU
		{BB19F943-E4CC-4C8E-BB30-C74AC1C82FEE}.Debug|Any CPU.Deploy.0 = Debug|Any CPU
		{BB19F943-E4CC-4C8E-BB30-C74AC1C82FEE}.Debug|iPhone.ActiveCfg = Debug|Any CPU
		{BB19F943-E4CC-4C8E-BB30-C74AC1C82FEE}.Debug|iPhone.Build.0 = Debug|Any CPU
		{BB19F943-E4CC-4C8E-BB30-C74AC1C82FEE}.Debug|iPhone.Deploy.0 = Debug|Any CPU
		{BB19F943-E4CC-4C8E-BB30-C74AC1C82FEE}.Debug|iPhoneSimulator.ActiveCfg = Debug|Any CPU
		{BB19F943-E4CC-4C8E-BB30-C74AC1C82FEE}.Debug|iPhoneSimulator.Build.0 = Debug|Any CPU
		{BB19F943-E4CC-4C8E-BB30-C74AC1C82FEE}.Debug|iPhoneSimulator.Deploy.0 = Debug|Any CPU
		{BB19F943-E4CC-4C8E-BB30-C74AC1C82FEE}.Release|Any CPU.ActiveCfg = Release|Any CPU
		{BB19F943-E4CC-4C8E-BB30-C74AC1C82FEE}.Release|Any CPU.Build.0 = Release|Any CPU
		{BB19F943-E4CC-4C8E-BB30-C74AC1C82FEE}.Release|Any CPU.Deploy.0 = Release|Any CPU
		{BB19F943-E4CC-4C8E-BB30-C74AC1C82FEE}.Release|iPhone.ActiveCfg = Release|Any CPU
		{BB19F943-E4CC-4C8E-BB30-C74AC1C82FEE}.Release|iPhone.Build.0 = Release|Any CPU
		{BB19F943-E4CC-4C8E-BB30-C74AC1C82FEE}.Release|iPhone.Deploy.0 = Release|Any CPU
		{BB19F943-E4CC-4C8E-BB30-C74AC1C82FEE}.Release|iPhoneSimulator.ActiveCfg = Release|Any CPU
		{BB19F943-E4CC-4C8E-BB30-C74AC1C82FEE}.Release|iPhoneSimulator.Build.0 = Release|Any CPU
		{BB19F943-E4CC-4C8E-BB30-C74AC1C82FEE}.Release|iPhoneSimulator.Deploy.0 = Release|Any CPU
	EndGlobalSection
	GlobalSection(SolutionProperties) = preSolution
		HideSolutionNode = FALSE
	EndGlobalSection
	GlobalSection(ExtensibilityGlobals) = postSolution
		SolutionGuid = {A549048B-E0C1-44DA-B7F5-173FBECB6E2E}
	EndGlobalSection
EndGlobal
